// !$*UTF8*$!
{
	archiveVersion = 1;
	classes = {
	};
	objectVersion = 46;
	objects = {

/* Begin PBXBuildFile section */
		7A028A171CEF26D000C51F99 /* AppDelegate.swift in Sources */ = {isa = PBXBuildFile; fileRef = 7A028A161CEF26D000C51F99 /* AppDelegate.swift */; };
		7A028A1C1CEF26D000C51F99 /* Main.storyboard in Resources */ = {isa = PBXBuildFile; fileRef = 7A028A1A1CEF26D000C51F99 /* Main.storyboard */; };
		7A028A1E1CEF26D000C51F99 /* Assets.xcassets in Resources */ = {isa = PBXBuildFile; fileRef = 7A028A1D1CEF26D000C51F99 /* Assets.xcassets */; };
		7A028A211CEF26D000C51F99 /* LaunchScreen.storyboard in Resources */ = {isa = PBXBuildFile; fileRef = 7A028A1F1CEF26D000C51F99 /* LaunchScreen.storyboard */; };
		7A028A291CEF270400C51F99 /* DownloadListController.swift in Sources */ = {isa = PBXBuildFile; fileRef = 7A028A281CEF270400C51F99 /* DownloadListController.swift */; };
		7A028A2B1CEF284400C51F99 /* Torrent.swift in Sources */ = {isa = PBXBuildFile; fileRef = 7A028A2A1CEF284400C51F99 /* Torrent.swift */; };
		7A028A2D1CEF288000C51F99 /* XMLRPCParser.swift in Sources */ = {isa = PBXBuildFile; fileRef = 7A028A2C1CEF288000C51F99 /* XMLRPCParser.swift */; };
		7A028A2F1CEF28D400C51F99 /* rTorrentCall.swift in Sources */ = {isa = PBXBuildFile; fileRef = 7A028A2E1CEF28D400C51F99 /* rTorrentCall.swift */; };
		7A028A311CEF28E900C51F99 /* Manager.swift in Sources */ = {isa = PBXBuildFile; fileRef = 7A028A301CEF28E900C51F99 /* Manager.swift */; };
		7A028A331CEF2B9D00C51F99 /* TabBarManagerController.swift in Sources */ = {isa = PBXBuildFile; fileRef = 7A028A321CEF2B9D00C51F99 /* TabBarManagerController.swift */; };
		7A028A361CEF2CDD00C51F99 /* TorrentCell.swift in Sources */ = {isa = PBXBuildFile; fileRef = 7A028A341CEF2CDD00C51F99 /* TorrentCell.swift */; };
		7A028A371CEF2CDD00C51F99 /* TorrentCell.xib in Resources */ = {isa = PBXBuildFile; fileRef = 7A028A351CEF2CDD00C51F99 /* TorrentCell.xib */; };
		7A028A391CEF318E00C51F99 /* SettingsController.swift in Sources */ = {isa = PBXBuildFile; fileRef = 7A028A381CEF318E00C51F99 /* SettingsController.swift */; };
		7A028A3B1CEF37AC00C51F99 /* HelperFunctions.swift in Sources */ = {isa = PBXBuildFile; fileRef = 7A028A3A1CEF37AC00C51F99 /* HelperFunctions.swift */; };
		7A1599F31CEF5764006B36B0 /* RSSController.swift in Sources */ = {isa = PBXBuildFile; fileRef = 7A1599F21CEF5764006B36B0 /* RSSController.swift */; };
		7A1599F51CEF588F006B36B0 /* RSSParser.swift in Sources */ = {isa = PBXBuildFile; fileRef = 7A1599F41CEF588F006B36B0 /* RSSParser.swift */; };
		7A1599F71CEF5C97006B36B0 /* RSSItem.swift in Sources */ = {isa = PBXBuildFile; fileRef = 7A1599F61CEF5C97006B36B0 /* RSSItem.swift */; };
		7A1599F91CEF5CEA006B36B0 /* DateFormatterSingleton.swift in Sources */ = {isa = PBXBuildFile; fileRef = 7A1599F81CEF5CEA006B36B0 /* DateFormatterSingleton.swift */; };
		7A1599FB1CEF5DFB006B36B0 /* RSSFeed.swift in Sources */ = {isa = PBXBuildFile; fileRef = 7A1599FA1CEF5DFB006B36B0 /* RSSFeed.swift */; };
		7A1599FD1CEF74D6006B36B0 /* AddRSSController.swift in Sources */ = {isa = PBXBuildFile; fileRef = 7A1599FC1CEF74D6006B36B0 /* AddRSSController.swift */; };
		7A1599FF1CF0B12C006B36B0 /* ThroughFolderController.swift in Sources */ = {isa = PBXBuildFile; fileRef = 7A1599FE1CF0B12C006B36B0 /* ThroughFolderController.swift */; };
		7A159A051CF1F2E1006B36B0 /* EditFeedsController.swift in Sources */ = {isa = PBXBuildFile; fileRef = 7A159A041CF1F2E0006B36B0 /* EditFeedsController.swift */; };
/* End PBXBuildFile section */

/* Begin PBXFileReference section */
		7A028A131CEF26D000C51F99 /* roTorrentV2.app */ = {isa = PBXFileReference; explicitFileType = wrapper.application; includeInIndex = 0; path = roTorrentV2.app; sourceTree = BUILT_PRODUCTS_DIR; };
		7A028A161CEF26D000C51F99 /* AppDelegate.swift */ = {isa = PBXFileReference; lastKnownFileType = sourcecode.swift; path = AppDelegate.swift; sourceTree = "<group>"; };
		7A028A1B1CEF26D000C51F99 /* Base */ = {isa = PBXFileReference; lastKnownFileType = file.storyboard; name = Base; path = Base.lproj/Main.storyboard; sourceTree = "<group>"; };
		7A028A1D1CEF26D000C51F99 /* Assets.xcassets */ = {isa = PBXFileReference; lastKnownFileType = folder.assetcatalog; path = Assets.xcassets; sourceTree = "<group>"; };
		7A028A201CEF26D000C51F99 /* Base */ = {isa = PBXFileReference; lastKnownFileType = file.storyboard; name = Base; path = Base.lproj/LaunchScreen.storyboard; sourceTree = "<group>"; };
		7A028A221CEF26D000C51F99 /* Info.plist */ = {isa = PBXFileReference; lastKnownFileType = text.plist.xml; path = Info.plist; sourceTree = "<group>"; };
		7A028A281CEF270400C51F99 /* DownloadListController.swift */ = {isa = PBXFileReference; fileEncoding = 4; lastKnownFileType = sourcecode.swift; name = DownloadListController.swift; path = ../DownloadListController.swift; sourceTree = "<group>"; };
		7A028A2A1CEF284400C51F99 /* Torrent.swift */ = {isa = PBXFileReference; fileEncoding = 4; lastKnownFileType = sourcecode.swift; path = Torrent.swift; sourceTree = "<group>"; };
		7A028A2C1CEF288000C51F99 /* XMLRPCParser.swift */ = {isa = PBXFileReference; fileEncoding = 4; lastKnownFileType = sourcecode.swift; path = XMLRPCParser.swift; sourceTree = "<group>"; };
		7A028A2E1CEF28D400C51F99 /* rTorrentCall.swift */ = {isa = PBXFileReference; fileEncoding = 4; lastKnownFileType = sourcecode.swift; path = rTorrentCall.swift; sourceTree = "<group>"; };
		7A028A301CEF28E900C51F99 /* Manager.swift */ = {isa = PBXFileReference; fileEncoding = 4; lastKnownFileType = sourcecode.swift; path = Manager.swift; sourceTree = "<group>"; };
		7A028A321CEF2B9D00C51F99 /* TabBarManagerController.swift */ = {isa = PBXFileReference; fileEncoding = 4; lastKnownFileType = sourcecode.swift; path = TabBarManagerController.swift; sourceTree = "<group>"; };
		7A028A341CEF2CDD00C51F99 /* TorrentCell.swift */ = {isa = PBXFileReference; fileEncoding = 4; lastKnownFileType = sourcecode.swift; path = TorrentCell.swift; sourceTree = "<group>"; };
		7A028A351CEF2CDD00C51F99 /* TorrentCell.xib */ = {isa = PBXFileReference; fileEncoding = 4; lastKnownFileType = file.xib; path = TorrentCell.xib; sourceTree = "<group>"; };
		7A028A381CEF318E00C51F99 /* SettingsController.swift */ = {isa = PBXFileReference; fileEncoding = 4; lastKnownFileType = sourcecode.swift; path = SettingsController.swift; sourceTree = "<group>"; };
		7A028A3A1CEF37AC00C51F99 /* HelperFunctions.swift */ = {isa = PBXFileReference; fileEncoding = 4; lastKnownFileType = sourcecode.swift; path = HelperFunctions.swift; sourceTree = "<group>"; };
		7A1599F21CEF5764006B36B0 /* RSSController.swift */ = {isa = PBXFileReference; fileEncoding = 4; lastKnownFileType = sourcecode.swift; path = RSSController.swift; sourceTree = "<group>"; };
		7A1599F41CEF588F006B36B0 /* RSSParser.swift */ = {isa = PBXFileReference; fileEncoding = 4; lastKnownFileType = sourcecode.swift; path = RSSParser.swift; sourceTree = "<group>"; };
		7A1599F61CEF5C97006B36B0 /* RSSItem.swift */ = {isa = PBXFileReference; fileEncoding = 4; lastKnownFileType = sourcecode.swift; path = RSSItem.swift; sourceTree = "<group>"; };
		7A1599F81CEF5CEA006B36B0 /* DateFormatterSingleton.swift */ = {isa = PBXFileReference; fileEncoding = 4; lastKnownFileType = sourcecode.swift; path = DateFormatterSingleton.swift; sourceTree = "<group>"; };
		7A1599FA1CEF5DFB006B36B0 /* RSSFeed.swift */ = {isa = PBXFileReference; fileEncoding = 4; lastKnownFileType = sourcecode.swift; path = RSSFeed.swift; sourceTree = "<group>"; };
		7A1599FC1CEF74D6006B36B0 /* AddRSSController.swift */ = {isa = PBXFileReference; fileEncoding = 4; lastKnownFileType = sourcecode.swift; path = AddRSSController.swift; sourceTree = "<group>"; };
		7A1599FE1CF0B12C006B36B0 /* ThroughFolderController.swift */ = {isa = PBXFileReference; fileEncoding = 4; lastKnownFileType = sourcecode.swift; path = ThroughFolderController.swift; sourceTree = "<group>"; };
		7A159A041CF1F2E0006B36B0 /* EditFeedsController.swift */ = {isa = PBXFileReference; fileEncoding = 4; lastKnownFileType = sourcecode.swift; path = EditFeedsController.swift; sourceTree = "<group>"; };
/* End PBXFileReference section */

/* Begin PBXFrameworksBuildPhase section */
		7A028A101CEF26D000C51F99 /* Frameworks */ = {
			isa = PBXFrameworksBuildPhase;
			buildActionMask = 2147483647;
			files = (
			);
			runOnlyForDeploymentPostprocessing = 0;
		};
/* End PBXFrameworksBuildPhase section */

/* Begin PBXGroup section */
		7A028A0A1CEF26D000C51F99 = {
			isa = PBXGroup;
			children = (
				7A028A151CEF26D000C51F99 /* roTorrentV2 */,
				7A028A141CEF26D000C51F99 /* Products */,
			);
			sourceTree = "<group>";
		};
		7A028A141CEF26D000C51F99 /* Products */ = {
			isa = PBXGroup;
			children = (
				7A028A131CEF26D000C51F99 /* roTorrentV2.app */,
			);
			name = Products;
			sourceTree = "<group>";
		};
		7A028A151CEF26D000C51F99 /* roTorrentV2 */ = {
			isa = PBXGroup;
			children = (
				7A028A161CEF26D000C51F99 /* AppDelegate.swift */,
				7A028A321CEF2B9D00C51F99 /* TabBarManagerController.swift */,
				7A028A281CEF270400C51F99 /* DownloadListController.swift */,
				7A028A381CEF318E00C51F99 /* SettingsController.swift */,
				7A159A061CF20295006B36B0 /* RSS Controllers */,
				7A159A071CF202B5006B36B0 /* Cells */,
				7A028A2A1CEF284400C51F99 /* Torrent.swift */,
				7A028A301CEF28E900C51F99 /* Manager.swift */,
				7A028A2E1CEF28D400C51F99 /* rTorrentCall.swift */,
				7A028A2C1CEF288000C51F99 /* XMLRPCParser.swift */,
				7A159A081CF202D1006B36B0 /* RSS Model */,
				7A1599F81CEF5CEA006B36B0 /* DateFormatterSingleton.swift */,
				7A028A1A1CEF26D000C51F99 /* Main.storyboard */,
				7A028A3A1CEF37AC00C51F99 /* HelperFunctions.swift */,
				7A028A1D1CEF26D000C51F99 /* Assets.xcassets */,
				7A028A1F1CEF26D000C51F99 /* LaunchScreen.storyboard */,
				7A028A221CEF26D000C51F99 /* Info.plist */,
			);
			path = roTorrentV2;
			sourceTree = "<group>";
		};
		7A159A061CF20295006B36B0 /* RSS Controllers */ = {
			isa = PBXGroup;
			children = (
				7A1599F21CEF5764006B36B0 /* RSSController.swift */,
				7A1599FE1CF0B12C006B36B0 /* ThroughFolderController.swift */,
				7A159A041CF1F2E0006B36B0 /* EditFeedsController.swift */,
				7A1599FC1CEF74D6006B36B0 /* AddRSSController.swift */,
			);
			name = "RSS Controllers";
			sourceTree = "<group>";
		};
		7A159A071CF202B5006B36B0 /* Cells */ = {
			isa = PBXGroup;
			children = (
				7A028A341CEF2CDD00C51F99 /* TorrentCell.swift */,
				7A028A351CEF2CDD00C51F99 /* TorrentCell.xib */,
			);
			name = Cells;
			sourceTree = "<group>";
		};
		7A159A081CF202D1006B36B0 /* RSS Model */ = {
			isa = PBXGroup;
			children = (
				7A1599F41CEF588F006B36B0 /* RSSParser.swift */,
				7A1599F61CEF5C97006B36B0 /* RSSItem.swift */,
				7A1599FA1CEF5DFB006B36B0 /* RSSFeed.swift */,
			);
			name = "RSS Model";
			sourceTree = "<group>";
		};
/* End PBXGroup section */

/* Begin PBXNativeTarget section */
		7A028A121CEF26D000C51F99 /* roTorrentV2 */ = {
			isa = PBXNativeTarget;
			buildConfigurationList = 7A028A251CEF26D000C51F99 /* Build configuration list for PBXNativeTarget "roTorrentV2" */;
			buildPhases = (
				7A028A0F1CEF26D000C51F99 /* Sources */,
				7A028A101CEF26D000C51F99 /* Frameworks */,
				7A028A111CEF26D000C51F99 /* Resources */,
			);
			buildRules = (
			);
			dependencies = (
			);
			name = roTorrentV2;
			productName = roTorrentV2;
			productReference = 7A028A131CEF26D000C51F99 /* roTorrentV2.app */;
			productType = "com.apple.product-type.application";
		};
/* End PBXNativeTarget section */

/* Begin PBXProject section */
		7A028A0B1CEF26D000C51F99 /* Project object */ = {
			isa = PBXProject;
			attributes = {
				LastSwiftUpdateCheck = 0730;
				LastUpgradeCheck = 0730;
				ORGANIZATIONNAME = "Romain Hild";
				TargetAttributes = {
					7A028A121CEF26D000C51F99 = {
						CreatedOnToolsVersion = 7.3.1;
						DevelopmentTeam = U34ZVBHBJ7;
					};
				};
			};
			buildConfigurationList = 7A028A0E1CEF26D000C51F99 /* Build configuration list for PBXProject "roTorrentV2" */;
			compatibilityVersion = "Xcode 3.2";
			developmentRegion = English;
			hasScannedForEncodings = 0;
			knownRegions = (
				en,
				Base,
			);
			mainGroup = 7A028A0A1CEF26D000C51F99;
			productRefGroup = 7A028A141CEF26D000C51F99 /* Products */;
			projectDirPath = "";
			projectRoot = "";
			targets = (
				7A028A121CEF26D000C51F99 /* roTorrentV2 */,
			);
		};
/* End PBXProject section */

/* Begin PBXResourcesBuildPhase section */
		7A028A111CEF26D000C51F99 /* Resources */ = {
			isa = PBXResourcesBuildPhase;
			buildActionMask = 2147483647;
			files = (
				7A028A211CEF26D000C51F99 /* LaunchScreen.storyboard in Resources */,
				7A028A1E1CEF26D000C51F99 /* Assets.xcassets in Resources */,
				7A028A371CEF2CDD00C51F99 /* TorrentCell.xib in Resources */,
				7A028A1C1CEF26D000C51F99 /* Main.storyboard in Resources */,
			);
			runOnlyForDeploymentPostprocessing = 0;
		};
/* End PBXResourcesBuildPhase section */

/* Begin PBXSourcesBuildPhase section */
		7A028A0F1CEF26D000C51F99 /* Sources */ = {
			isa = PBXSourcesBuildPhase;
			buildActionMask = 2147483647;
			files = (
				7A1599F71CEF5C97006B36B0 /* RSSItem.swift in Sources */,
				7A028A391CEF318E00C51F99 /* SettingsController.swift in Sources */,
				7A028A2D1CEF288000C51F99 /* XMLRPCParser.swift in Sources */,
				7A1599FB1CEF5DFB006B36B0 /* RSSFeed.swift in Sources */,
				7A1599FF1CF0B12C006B36B0 /* ThroughFolderController.swift in Sources */,
				7A028A311CEF28E900C51F99 /* Manager.swift in Sources */,
				7A1599F31CEF5764006B36B0 /* RSSController.swift in Sources */,
				7A1599FD1CEF74D6006B36B0 /* AddRSSController.swift in Sources */,
				7A028A361CEF2CDD00C51F99 /* TorrentCell.swift in Sources */,
				7A1599F91CEF5CEA006B36B0 /* DateFormatterSingleton.swift in Sources */,
				7A028A2F1CEF28D400C51F99 /* rTorrentCall.swift in Sources */,
				7A028A3B1CEF37AC00C51F99 /* HelperFunctions.swift in Sources */,
				7A1599F51CEF588F006B36B0 /* RSSParser.swift in Sources */,
				7A159A051CF1F2E1006B36B0 /* EditFeedsController.swift in Sources */,
				7A028A291CEF270400C51F99 /* DownloadListController.swift in Sources */,
				7A028A171CEF26D000C51F99 /* AppDelegate.swift in Sources */,
				7A028A2B1CEF284400C51F99 /* Torrent.swift in Sources */,
				7A028A331CEF2B9D00C51F99 /* TabBarManagerController.swift in Sources */,
			);
			runOnlyForDeploymentPostprocessing = 0;
		};
/* End PBXSourcesBuildPhase section */

/* Begin PBXVariantGroup section */
		7A028A1A1CEF26D000C51F99 /* Main.storyboard */ = {
			isa = PBXVariantGroup;
			children = (
				7A028A1B1CEF26D000C51F99 /* Base */,
			);
			name = Main.storyboard;
			sourceTree = "<group>";
		};
		7A028A1F1CEF26D000C51F99 /* LaunchScreen.storyboard */ = {
			isa = PBXVariantGroup;
			children = (
				7A028A201CEF26D000C51F99 /* Base */,
			);
			name = LaunchScreen.storyboard;
			sourceTree = "<group>";
		};
/* End PBXVariantGroup section */

/* Begin XCBuildConfiguration section */
		7A028A231CEF26D000C51F99 /* Debug */ = {
			isa = XCBuildConfiguration;
			buildSettings = {
				ALWAYS_SEARCH_USER_PATHS = NO;
				CLANG_ANALYZER_NONNULL = YES;
				CLANG_CXX_LANGUAGE_STANDARD = "gnu++0x";
				CLANG_CXX_LIBRARY = "libc++";
				CLANG_ENABLE_MODULES = YES;
				CLANG_ENABLE_OBJC_ARC = YES;
				CLANG_WARN_BOOL_CONVERSION = YES;
				CLANG_WARN_CONSTANT_CONVERSION = YES;
				CLANG_WARN_DIRECT_OBJC_ISA_USAGE = YES_ERROR;
				CLANG_WARN_EMPTY_BODY = YES;
				CLANG_WARN_ENUM_CONVERSION = YES;
				CLANG_WARN_INT_CONVERSION = YES;
				CLANG_WARN_OBJC_ROOT_CLASS = YES_ERROR;
				CLANG_WARN_UNREACHABLE_CODE = YES;
				CLANG_WARN__DUPLICATE_METHOD_MATCH = YES;
				"CODE_SIGN_IDENTITY[sdk=iphoneos*]" = "iPhone Developer";
				COPY_PHASE_STRIP = NO;
				DEBUG_INFORMATION_FORMAT = dwarf;
				ENABLE_STRICT_OBJC_MSGSEND = YES;
				ENABLE_TESTABILITY = YES;
				GCC_C_LANGUAGE_STANDARD = gnu99;
				GCC_DYNAMIC_NO_PIC = NO;
				GCC_NO_COMMON_BLOCKS = YES;
				GCC_OPTIMIZATION_LEVEL = 0;
				GCC_PREPROCESSOR_DEFINITIONS = (
					"DEBUG=1",
					"$(inherited)",
				);
				GCC_WARN_64_TO_32_BIT_CONVERSION = YES;
				GCC_WARN_ABOUT_RETURN_TYPE = YES_ERROR;
				GCC_WARN_UNDECLARED_SELECTOR = YES;
				GCC_WARN_UNINITIALIZED_AUTOS = YES_AGGRESSIVE;
				GCC_WARN_UNUSED_FUNCTION = YES;
				GCC_WARN_UNUSED_VARIABLE = YES;
				IPHONEOS_DEPLOYMENT_TARGET = 9.3;
				MTL_ENABLE_DEBUG_INFO = YES;
				ONLY_ACTIVE_ARCH = YES;
				SDKROOT = iphoneos;
				SWIFT_OPTIMIZATION_LEVEL = "-Onone";
			};
			name = Debug;
		};
		7A028A241CEF26D000C51F99 /* Release */ = {
			isa = XCBuildConfiguration;
			buildSettings = {
				ALWAYS_SEARCH_USER_PATHS = NO;
				CLANG_ANALYZER_NONNULL = YES;
				CLANG_CXX_LANGUAGE_STANDARD = "gnu++0x";
				CLANG_CXX_LIBRARY = "libc++";
				CLANG_ENABLE_MODULES = YES;
				CLANG_ENABLE_OBJC_ARC = YES;
				CLANG_WARN_BOOL_CONVERSION = YES;
				CLANG_WARN_CONSTANT_CONVERSION = YES;
				CLANG_WARN_DIRECT_OBJC_ISA_USAGE = YES_ERROR;
				CLANG_WARN_EMPTY_BODY = YES;
				CLANG_WARN_ENUM_CONVERSION = YES;
				CLANG_WARN_INT_CONVERSION = YES;
				CLANG_WARN_OBJC_ROOT_CLASS = YES_ERROR;
				CLANG_WARN_UNREACHABLE_CODE = YES;
				CLANG_WARN__DUPLICATE_METHOD_MATCH = YES;
				"CODE_SIGN_IDENTITY[sdk=iphoneos*]" = "iPhone Developer";
				COPY_PHASE_STRIP = NO;
				DEBUG_INFORMATION_FORMAT = "dwarf-with-dsym";
				ENABLE_NS_ASSERTIONS = NO;
				ENABLE_STRICT_OBJC_MSGSEND = YES;
				GCC_C_LANGUAGE_STANDARD = gnu99;
				GCC_NO_COMMON_BLOCKS = YES;
				GCC_WARN_64_TO_32_BIT_CONVERSION = YES;
				GCC_WARN_ABOUT_RETURN_TYPE = YES_ERROR;
				GCC_WARN_UNDECLARED_SELECTOR = YES;
				GCC_WARN_UNINITIALIZED_AUTOS = YES_AGGRESSIVE;
				GCC_WARN_UNUSED_FUNCTION = YES;
				GCC_WARN_UNUSED_VARIABLE = YES;
				IPHONEOS_DEPLOYMENT_TARGET = 9.3;
				MTL_ENABLE_DEBUG_INFO = NO;
				SDKROOT = iphoneos;
				VALIDATE_PRODUCT = YES;
			};
			name = Release;
		};
		7A028A261CEF26D000C51F99 /* Debug */ = {
			isa = XCBuildConfiguration;
			buildSettings = {
				ASSETCATALOG_COMPILER_APPICON_NAME = AppIcon;
				CODE_SIGN_IDENTITY = "iPhone Developer";
				"CODE_SIGN_IDENTITY[sdk=iphoneos*]" = "iPhone Developer";
				INFOPLIST_FILE = roTorrentV2/Info.plist;
				LD_RUNPATH_SEARCH_PATHS = "$(inherited) @executable_path/Frameworks";
				PRODUCT_BUNDLE_IDENTIFIER = com.romainhild.roTorrentV2;
				PRODUCT_NAME = "$(TARGET_NAME)";
				PROVISIONING_PROFILE = "";
			};
			name = Debug;
		};
		7A028A271CEF26D000C51F99 /* Release */ = {
			isa = XCBuildConfiguration;
			buildSettings = {
				ASSETCATALOG_COMPILER_APPICON_NAME = AppIcon;
				CODE_SIGN_IDENTITY = "iPhone Developer";
				"CODE_SIGN_IDENTITY[sdk=iphoneos*]" = "iPhone Developer";
				INFOPLIST_FILE = roTorrentV2/Info.plist;
				LD_RUNPATH_SEARCH_PATHS = "$(inherited) @executable_path/Frameworks";
				PRODUCT_BUNDLE_IDENTIFIER = com.romainhild.roTorrentV2;
				PRODUCT_NAME = "$(TARGET_NAME)";
				PROVISIONING_PROFILE = "";
			};
			name = Release;
		};
/* End XCBuildConfiguration section */

/* Begin XCConfigurationList section */
		7A028A0E1CEF26D000C51F99 /* Build configuration list for PBXProject "roTorrentV2" */ = {
			isa = XCConfigurationList;
			buildConfigurations = (
				7A028A231CEF26D000C51F99 /* Debug */,
				7A028A241CEF26D000C51F99 /* Release */,
			);
			defaultConfigurationIsVisible = 0;
			defaultConfigurationName = Release;
		};
		7A028A251CEF26D000C51F99 /* Build configuration list for PBXNativeTarget "roTorrentV2" */ = {
			isa = XCConfigurationList;
			buildConfigurations = (
				7A028A261CEF26D000C51F99 /* Debug */,
				7A028A271CEF26D000C51F99 /* Release */,
			);
			defaultConfigurationIsVisible = 0;
			defaultConfigurationName = Release;
		};
/* End XCConfigurationList section */
	};
	rootObject = 7A028A0B1CEF26D000C51F99 /* Project object */;
}
